// !$*UTF8*$!
{
	archiveVersion = 1;
	classes = {
	};
	objectVersion = 55;
	objects = {

/* Begin PBXBuildFile section */
		D50130BC2C540F770051FAF9 /* opencv2.framework in Frameworks */ = {isa = PBXBuildFile; fileRef = D50130BB2C540F770051FAF9 /* opencv2.framework */; };
		D5371F9D28F4246900753C36 /* InfoPlist.strings in Resources */ = {isa = PBXBuildFile; fileRef = D5371F9F28F4246900753C36 /* InfoPlist.strings */; };
		D53F618528C77AE20017D756 /* AppDelegate.swift in Sources */ = {isa = PBXBuildFile; fileRef = D53F618428C77AE20017D756 /* AppDelegate.swift */; };
		D53F618728C77AE20017D756 /* SceneDelegate.swift in Sources */ = {isa = PBXBuildFile; fileRef = D53F618628C77AE20017D756 /* SceneDelegate.swift */; };
		D53F618928C77AE20017D756 /* ViewController.swift in Sources */ = {isa = PBXBuildFile; fileRef = D53F618828C77AE20017D756 /* ViewController.swift */; };
		D53F618C28C77AE20017D756 /* Main.storyboard in Resources */ = {isa = PBXBuildFile; fileRef = D53F618A28C77AE20017D756 /* Main.storyboard */; };
		D53F618E28C77AE30017D756 /* Assets.xcassets in Resources */ = {isa = PBXBuildFile; fileRef = D53F618D28C77AE30017D756 /* Assets.xcassets */; };
		D53F619128C77AE30017D756 /* LaunchScreen.storyboard in Resources */ = {isa = PBXBuildFile; fileRef = D53F618F28C77AE30017D756 /* LaunchScreen.storyboard */; };
		D53F619928C77BC90017D756 /* photoSudoku.storyboard in Resources */ = {isa = PBXBuildFile; fileRef = D53F619828C77BC90017D756 /* photoSudoku.storyboard */; };
		D53F619B28C77BE40017D756 /* photoSudokuViewController.swift in Sources */ = {isa = PBXBuildFile; fileRef = D53F619A28C77BE40017D756 /* photoSudokuViewController.swift */; };
		D53F619D28C77BF70017D756 /* importSudoku.storyboard in Resources */ = {isa = PBXBuildFile; fileRef = D53F619C28C77BF70017D756 /* importSudoku.storyboard */; };
		D53F619F28C77C070017D756 /* importSudokuViewController.swift in Sources */ = {isa = PBXBuildFile; fileRef = D53F619E28C77C070017D756 /* importSudokuViewController.swift */; };
		D58069B628E4A19300461CD8 /* CALayer+.swift in Sources */ = {isa = PBXBuildFile; fileRef = D58069B528E4A19300461CD8 /* CALayer+.swift */; };
		D58069B828E5C96F00461CD8 /* UIColor+.swift in Sources */ = {isa = PBXBuildFile; fileRef = D58069B728E5C96F00461CD8 /* UIColor+.swift */; };
		D597D1BA28CDFFEA00694D66 /* sudokuCalculation.swift in Sources */ = {isa = PBXBuildFile; fileRef = D597D1B928CDFFEA00694D66 /* sudokuCalculation.swift */; };
		D597D1D728CF765D00694D66 /* wrapper.mm in Sources */ = {isa = PBXBuildFile; fileRef = D597D1D628CF765D00694D66 /* wrapper.mm */; };
		D597D1E228CFBBCA00694D66 /* model_64.mlpackage in Sources */ = {isa = PBXBuildFile; fileRef = D597D1E128CFBBCA00694D66 /* model_64.mlpackage */; };
		D597D1E528D0DF3200694D66 /* UIImage+.swift in Sources */ = {isa = PBXBuildFile; fileRef = D597D1E428D0DF3200694D66 /* UIImage+.swift */; };
		D5A7B5C828F08F0A007721B3 /* SnapKit in Frameworks */ = {isa = PBXBuildFile; productRef = D5A7B5C728F08F0A007721B3 /* SnapKit */; };
		D5A7B5D128F1F072007721B3 /* Localizable.strings in Resources */ = {isa = PBXBuildFile; fileRef = D5A7B5D328F1F072007721B3 /* Localizable.strings */; };
		D5A7B5DD28F1F1AB007721B3 /* String+.swift in Sources */ = {isa = PBXBuildFile; fileRef = D5A7B5DC28F1F1AB007721B3 /* String+.swift */; };
		D5BBD65F28D205AE00747F15 /* pickerSudoku.storyboard in Resources */ = {isa = PBXBuildFile; fileRef = D5BBD65E28D205AE00747F15 /* pickerSudoku.storyboard */; };
		D5BBD66128D205C900747F15 /* pickerSudokuViewController.swift in Sources */ = {isa = PBXBuildFile; fileRef = D5BBD66028D205C900747F15 /* pickerSudokuViewController.swift */; };
/* End PBXBuildFile section */

/* Begin PBXCopyFilesBuildPhase section */
		D5A7B5CC28F092EA007721B3 /* Embed Frameworks */ = {
			isa = PBXCopyFilesBuildPhase;
			buildActionMask = 2147483647;
			dstPath = "";
			dstSubfolderSpec = 10;
			files = (
			);
			name = "Embed Frameworks";
			runOnlyForDeploymentPostprocessing = 0;
		};
/* End PBXCopyFilesBuildPhase section */

/* Begin PBXFileReference section */
		D50130BB2C540F770051FAF9 /* opencv2.framework */ = {isa = PBXFileReference; lastKnownFileType = wrapper.framework; name = opencv2.framework; path = Framework/opencv2.framework; sourceTree = SOURCE_ROOT; };
		D5371F9E28F4246900753C36 /* en */ = {isa = PBXFileReference; lastKnownFileType = text.plist.strings; name = en; path = en.lproj/InfoPlist.strings; sourceTree = "<group>"; };
		D5371FA028F4257900753C36 /* zh-Hans */ = {isa = PBXFileReference; lastKnownFileType = text.plist.strings; name = "zh-Hans"; path = "zh-Hans.lproj/InfoPlist.strings"; sourceTree = "<group>"; };
		D5371FA128F4257A00753C36 /* zh-Hant */ = {isa = PBXFileReference; lastKnownFileType = text.plist.strings; name = "zh-Hant"; path = "zh-Hant.lproj/InfoPlist.strings"; sourceTree = "<group>"; };
		D5371FA228F4257B00753C36 /* fr */ = {isa = PBXFileReference; lastKnownFileType = text.plist.strings; name = fr; path = fr.lproj/InfoPlist.strings; sourceTree = "<group>"; };
		D5371FA328F4257B00753C36 /* it */ = {isa = PBXFileReference; lastKnownFileType = text.plist.strings; name = it; path = it.lproj/InfoPlist.strings; sourceTree = "<group>"; };
		D5371FA428F4257C00753C36 /* de */ = {isa = PBXFileReference; lastKnownFileType = text.plist.strings; name = de; path = de.lproj/InfoPlist.strings; sourceTree = "<group>"; };
		D5371FA528F4257D00753C36 /* ja */ = {isa = PBXFileReference; lastKnownFileType = text.plist.strings; name = ja; path = ja.lproj/InfoPlist.strings; sourceTree = "<group>"; };
		D5371FA628F4257D00753C36 /* ko */ = {isa = PBXFileReference; lastKnownFileType = text.plist.strings; name = ko; path = ko.lproj/InfoPlist.strings; sourceTree = "<group>"; };
		D5371FA728F4257E00753C36 /* es */ = {isa = PBXFileReference; lastKnownFileType = text.plist.strings; name = es; path = es.lproj/InfoPlist.strings; sourceTree = "<group>"; };
		D53F618128C77AE20017D756 /* Sudoku.app */ = {isa = PBXFileReference; explicitFileType = wrapper.application; includeInIndex = 0; path = Sudoku.app; sourceTree = BUILT_PRODUCTS_DIR; };
		D53F618428C77AE20017D756 /* AppDelegate.swift */ = {isa = PBXFileReference; lastKnownFileType = sourcecode.swift; path = AppDelegate.swift; sourceTree = "<group>"; };
		D53F618628C77AE20017D756 /* SceneDelegate.swift */ = {isa = PBXFileReference; lastKnownFileType = sourcecode.swift; path = SceneDelegate.swift; sourceTree = "<group>"; };
		D53F618828C77AE20017D756 /* ViewController.swift */ = {isa = PBXFileReference; lastKnownFileType = sourcecode.swift; path = ViewController.swift; sourceTree = "<group>"; };
		D53F618B28C77AE20017D756 /* Base */ = {isa = PBXFileReference; lastKnownFileType = file.storyboard; name = Base; path = Base.lproj/Main.storyboard; sourceTree = "<group>"; };
		D53F618D28C77AE30017D756 /* Assets.xcassets */ = {isa = PBXFileReference; lastKnownFileType = folder.assetcatalog; path = Assets.xcassets; sourceTree = "<group>"; };
		D53F619028C77AE30017D756 /* Base */ = {isa = PBXFileReference; lastKnownFileType = file.storyboard; name = Base; path = Base.lproj/LaunchScreen.storyboard; sourceTree = "<group>"; };
		D53F619228C77AE30017D756 /* Info.plist */ = {isa = PBXFileReference; lastKnownFileType = text.plist.xml; path = Info.plist; sourceTree = "<group>"; };
		D53F619828C77BC90017D756 /* photoSudoku.storyboard */ = {isa = PBXFileReference; lastKnownFileType = file.storyboard; path = photoSudoku.storyboard; sourceTree = "<group>"; };
		D53F619A28C77BE40017D756 /* photoSudokuViewController.swift */ = {isa = PBXFileReference; lastKnownFileType = sourcecode.swift; path = photoSudokuViewController.swift; sourceTree = "<group>"; };
		D53F619C28C77BF70017D756 /* importSudoku.storyboard */ = {isa = PBXFileReference; lastKnownFileType = file.storyboard; path = importSudoku.storyboard; sourceTree = "<group>"; };
		D53F619E28C77C070017D756 /* importSudokuViewController.swift */ = {isa = PBXFileReference; lastKnownFileType = sourcecode.swift; path = importSudokuViewController.swift; sourceTree = "<group>"; };
		D58069B528E4A19300461CD8 /* CALayer+.swift */ = {isa = PBXFileReference; lastKnownFileType = sourcecode.swift; path = "CALayer+.swift"; sourceTree = "<group>"; };
		D58069B728E5C96F00461CD8 /* UIColor+.swift */ = {isa = PBXFileReference; lastKnownFileType = sourcecode.swift; path = "UIColor+.swift"; sourceTree = "<group>"; };
		D597D1B928CDFFEA00694D66 /* sudokuCalculation.swift */ = {isa = PBXFileReference; lastKnownFileType = sourcecode.swift; path = sudokuCalculation.swift; sourceTree = "<group>"; };
		D597D1D428CF765000694D66 /* wrapper.h */ = {isa = PBXFileReference; lastKnownFileType = sourcecode.c.h; path = wrapper.h; sourceTree = "<group>"; };
		D597D1D528CF765D00694D66 /* Sudoku-Bridging-Header.h */ = {isa = PBXFileReference; lastKnownFileType = sourcecode.c.h; path = "Sudoku-Bridging-Header.h"; sourceTree = "<group>"; };
		D597D1D628CF765D00694D66 /* wrapper.mm */ = {isa = PBXFileReference; lastKnownFileType = sourcecode.cpp.objcpp; path = wrapper.mm; sourceTree = "<group>"; };
		D597D1E128CFBBCA00694D66 /* model_64.mlpackage */ = {isa = PBXFileReference; lastKnownFileType = folder.mlpackage; path = model_64.mlpackage; sourceTree = "<group>"; };
		D597D1E428D0DF3200694D66 /* UIImage+.swift */ = {isa = PBXFileReference; lastKnownFileType = sourcecode.swift; path = "UIImage+.swift"; sourceTree = "<group>"; };
		D5A7B5D228F1F072007721B3 /* en */ = {isa = PBXFileReference; lastKnownFileType = text.plist.strings; name = en; path = en.lproj/Localizable.strings; sourceTree = "<group>"; };
		D5A7B5D428F1F09C007721B3 /* ko */ = {isa = PBXFileReference; lastKnownFileType = text.plist.strings; name = ko; path = ko.lproj/Localizable.strings; sourceTree = "<group>"; };
		D5A7B5D528F1F0A8007721B3 /* ja */ = {isa = PBXFileReference; lastKnownFileType = text.plist.strings; name = ja; path = ja.lproj/Localizable.strings; sourceTree = "<group>"; };
		D5A7B5D628F1F0C2007721B3 /* fr */ = {isa = PBXFileReference; lastKnownFileType = text.plist.strings; name = fr; path = fr.lproj/Localizable.strings; sourceTree = "<group>"; };
		D5A7B5D728F1F0CE007721B3 /* es */ = {isa = PBXFileReference; lastKnownFileType = text.plist.strings; name = es; path = es.lproj/Localizable.strings; sourceTree = "<group>"; };
		D5A7B5D828F1F0DC007721B3 /* zh-Hant */ = {isa = PBXFileReference; lastKnownFileType = text.plist.strings; name = "zh-Hant"; path = "zh-Hant.lproj/Localizable.strings"; sourceTree = "<group>"; };
		D5A7B5D928F1F0E2007721B3 /* zh-Hans */ = {isa = PBXFileReference; lastKnownFileType = text.plist.strings; name = "zh-Hans"; path = "zh-Hans.lproj/Localizable.strings"; sourceTree = "<group>"; };
		D5A7B5DA28F1F0F5007721B3 /* de */ = {isa = PBXFileReference; lastKnownFileType = text.plist.strings; name = de; path = de.lproj/Localizable.strings; sourceTree = "<group>"; };
		D5A7B5DB28F1F11B007721B3 /* it */ = {isa = PBXFileReference; lastKnownFileType = text.plist.strings; name = it; path = it.lproj/Localizable.strings; sourceTree = "<group>"; };
		D5A7B5DC28F1F1AB007721B3 /* String+.swift */ = {isa = PBXFileReference; lastKnownFileType = sourcecode.swift; path = "String+.swift"; sourceTree = "<group>"; };
		D5BBD65E28D205AE00747F15 /* pickerSudoku.storyboard */ = {isa = PBXFileReference; lastKnownFileType = file.storyboard; path = pickerSudoku.storyboard; sourceTree = "<group>"; };
		D5BBD66028D205C900747F15 /* pickerSudokuViewController.swift */ = {isa = PBXFileReference; lastKnownFileType = sourcecode.swift; path = pickerSudokuViewController.swift; sourceTree = "<group>"; };
/* End PBXFileReference section */

/* Begin PBXFrameworksBuildPhase section */
		D53F617E28C77AE20017D756 /* Frameworks */ = {
			isa = PBXFrameworksBuildPhase;
			buildActionMask = 2147483647;
			files = (
				D50130BC2C540F770051FAF9 /* opencv2.framework in Frameworks */,
				D5A7B5C828F08F0A007721B3 /* SnapKit in Frameworks */,
			);
			runOnlyForDeploymentPostprocessing = 0;
		};
/* End PBXFrameworksBuildPhase section */

/* Begin PBXGroup section */
		D53F617828C77AE20017D756 = {
			isa = PBXGroup;
			children = (
				D597D1C328CF703500694D66 /* Framework */,
				D53F618328C77AE20017D756 /* Sudoku */,
				D53F618228C77AE20017D756 /* Products */,
			);
			sourceTree = "<group>";
		};
		D53F618228C77AE20017D756 /* Products */ = {
			isa = PBXGroup;
			children = (
				D53F618128C77AE20017D756 /* Sudoku.app */,
			);
			name = Products;
			sourceTree = "<group>";
		};
		D53F618328C77AE20017D756 /* Sudoku */ = {
			isa = PBXGroup;
			children = (
				D5A7B5CE28F1F033007721B3 /* Localizable */,
				D58069BD28E5D13B00461CD8 /* StoryBoard */,
				D58069BC28E5D10D00461CD8 /* ViewController */,
				D58069BA28E5D0E500461CD8 /* Wrapper */,
				D58069B928E5D0BD00461CD8 /* DL */,
				D597D1E328D0DF1F00694D66 /* Extensions */,
				D53F618428C77AE20017D756 /* AppDelegate.swift */,
				D53F618628C77AE20017D756 /* SceneDelegate.swift */,
				D53F618D28C77AE30017D756 /* Assets.xcassets */,
				D53F618F28C77AE30017D756 /* LaunchScreen.storyboard */,
				D53F619228C77AE30017D756 /* Info.plist */,
				D597D1B928CDFFEA00694D66 /* sudokuCalculation.swift */,
				D597D1D528CF765D00694D66 /* Sudoku-Bridging-Header.h */,
			);
			path = Sudoku;
			sourceTree = "<group>";
		};
		D58069B928E5D0BD00461CD8 /* DL */ = {
			isa = PBXGroup;
			children = (
				D597D1E128CFBBCA00694D66 /* model_64.mlpackage */,
			);
			path = DL;
			sourceTree = "<group>";
		};
		D58069BA28E5D0E500461CD8 /* Wrapper */ = {
			isa = PBXGroup;
			children = (
				D597D1D428CF765000694D66 /* wrapper.h */,
				D597D1D628CF765D00694D66 /* wrapper.mm */,
			);
			path = Wrapper;
			sourceTree = "<group>";
		};
		D58069BC28E5D10D00461CD8 /* ViewController */ = {
			isa = PBXGroup;
			children = (
				D53F618828C77AE20017D756 /* ViewController.swift */,
				D53F619A28C77BE40017D756 /* photoSudokuViewController.swift */,
				D53F619E28C77C070017D756 /* importSudokuViewController.swift */,
				D5BBD66028D205C900747F15 /* pickerSudokuViewController.swift */,
			);
			path = ViewController;
			sourceTree = "<group>";
		};
		D58069BD28E5D13B00461CD8 /* StoryBoard */ = {
			isa = PBXGroup;
			children = (
				D53F618A28C77AE20017D756 /* Main.storyboard */,
				D53F619828C77BC90017D756 /* photoSudoku.storyboard */,
				D53F619C28C77BF70017D756 /* importSudoku.storyboard */,
				D5BBD65E28D205AE00747F15 /* pickerSudoku.storyboard */,
			);
			path = StoryBoard;
			sourceTree = "<group>";
		};
		D597D1C328CF703500694D66 /* Framework */ = {
			isa = PBXGroup;
			children = (
				D50130BB2C540F770051FAF9 /* opencv2.framework */,
			);
			path = Framework;
			sourceTree = "<group>";
		};
		D597D1E328D0DF1F00694D66 /* Extensions */ = {
			isa = PBXGroup;
			children = (
				D597D1E428D0DF3200694D66 /* UIImage+.swift */,
				D58069B528E4A19300461CD8 /* CALayer+.swift */,
				D58069B728E5C96F00461CD8 /* UIColor+.swift */,
				D5A7B5DC28F1F1AB007721B3 /* String+.swift */,
			);
			path = Extensions;
			sourceTree = "<group>";
		};
		D5A7B5CE28F1F033007721B3 /* Localizable */ = {
			isa = PBXGroup;
			children = (
				D5A7B5D328F1F072007721B3 /* Localizable.strings */,
				D5371F9F28F4246900753C36 /* InfoPlist.strings */,
			);
			path = Localizable;
			sourceTree = "<group>";
		};
/* End PBXGroup section */

/* Begin PBXNativeTarget section */
		D53F618028C77AE20017D756 /* Sudoku */ = {
			isa = PBXNativeTarget;
			buildConfigurationList = D53F619528C77AE30017D756 /* Build configuration list for PBXNativeTarget "Sudoku" */;
			buildPhases = (
				D53F617D28C77AE20017D756 /* Sources */,
				D53F617E28C77AE20017D756 /* Frameworks */,
				D53F617F28C77AE20017D756 /* Resources */,
				D5A7B5CC28F092EA007721B3 /* Embed Frameworks */,
			);
			buildRules = (
			);
			dependencies = (
			);
			name = Sudoku;
			packageProductDependencies = (
				D5A7B5C728F08F0A007721B3 /* SnapKit */,
			);
			productName = Sudoku;
			productReference = D53F618128C77AE20017D756 /* Sudoku.app */;
			productType = "com.apple.product-type.application";
		};
/* End PBXNativeTarget section */

/* Begin PBXProject section */
		D53F617928C77AE20017D756 /* Project object */ = {
			isa = PBXProject;
			attributes = {
				BuildIndependentTargetsInParallel = 1;
				LastSwiftUpdateCheck = 1340;
				LastUpgradeCheck = 1340;
				TargetAttributes = {
					D53F618028C77AE20017D756 = {
						CreatedOnToolsVersion = 13.4.1;
						LastSwiftMigration = 1340;
					};
				};
			};
			buildConfigurationList = D53F617C28C77AE20017D756 /* Build configuration list for PBXProject "Sudoku" */;
			compatibilityVersion = "Xcode 13.0";
			developmentRegion = en;
			hasScannedForEncodings = 0;
			knownRegions = (
				en,
				Base,
				ko,
				ja,
				fr,
				es,
				"zh-Hant",
				"zh-Hans",
				de,
				it,
			);
			mainGroup = D53F617828C77AE20017D756;
			packageReferences = (
				D5A7B5C628F08F0A007721B3 /* XCRemoteSwiftPackageReference "SnapKit" */,
			);
			productRefGroup = D53F618228C77AE20017D756 /* Products */;
			projectDirPath = "";
			projectRoot = "";
			targets = (
				D53F618028C77AE20017D756 /* Sudoku */,
			);
		};
/* End PBXProject section */

/* Begin PBXResourcesBuildPhase section */
		D53F617F28C77AE20017D756 /* Resources */ = {
			isa = PBXResourcesBuildPhase;
			buildActionMask = 2147483647;
			files = (
				D53F619D28C77BF70017D756 /* importSudoku.storyboard in Resources */,
				D5371F9D28F4246900753C36 /* InfoPlist.strings in Resources */,
				D53F619128C77AE30017D756 /* LaunchScreen.storyboard in Resources */,
				D53F618E28C77AE30017D756 /* Assets.xcassets in Resources */,
				D5A7B5D128F1F072007721B3 /* Localizable.strings in Resources */,
				D5BBD65F28D205AE00747F15 /* pickerSudoku.storyboard in Resources */,
				D53F619928C77BC90017D756 /* photoSudoku.storyboard in Resources */,
				D53F618C28C77AE20017D756 /* Main.storyboard in Resources */,
			);
			runOnlyForDeploymentPostprocessing = 0;
		};
/* End PBXResourcesBuildPhase section */

/* Begin PBXSourcesBuildPhase section */
		D53F617D28C77AE20017D756 /* Sources */ = {
			isa = PBXSourcesBuildPhase;
			buildActionMask = 2147483647;
			files = (
				D5BBD66128D205C900747F15 /* pickerSudokuViewController.swift in Sources */,
				D58069B828E5C96F00461CD8 /* UIColor+.swift in Sources */,
				D597D1D728CF765D00694D66 /* wrapper.mm in Sources */,
				D597D1E528D0DF3200694D66 /* UIImage+.swift in Sources */,
				D597D1BA28CDFFEA00694D66 /* sudokuCalculation.swift in Sources */,
				D53F618928C77AE20017D756 /* ViewController.swift in Sources */,
				D53F619F28C77C070017D756 /* importSudokuViewController.swift in Sources */,
				D53F618528C77AE20017D756 /* AppDelegate.swift in Sources */,
				D597D1E228CFBBCA00694D66 /* model_64.mlpackage in Sources */,
				D58069B628E4A19300461CD8 /* CALayer+.swift in Sources */,
				D5A7B5DD28F1F1AB007721B3 /* String+.swift in Sources */,
				D53F619B28C77BE40017D756 /* photoSudokuViewController.swift in Sources */,
				D53F618728C77AE20017D756 /* SceneDelegate.swift in Sources */,
			);
			runOnlyForDeploymentPostprocessing = 0;
		};
/* End PBXSourcesBuildPhase section */

/* Begin PBXVariantGroup section */
		D5371F9F28F4246900753C36 /* InfoPlist.strings */ = {
			isa = PBXVariantGroup;
			children = (
				D5371F9E28F4246900753C36 /* en */,
				D5371FA028F4257900753C36 /* zh-Hans */,
				D5371FA128F4257A00753C36 /* zh-Hant */,
				D5371FA228F4257B00753C36 /* fr */,
				D5371FA328F4257B00753C36 /* it */,
				D5371FA428F4257C00753C36 /* de */,
				D5371FA528F4257D00753C36 /* ja */,
				D5371FA628F4257D00753C36 /* ko */,
				D5371FA728F4257E00753C36 /* es */,
			);
			name = InfoPlist.strings;
			sourceTree = "<group>";
		};
		D53F618A28C77AE20017D756 /* Main.storyboard */ = {
			isa = PBXVariantGroup;
			children = (
				D53F618B28C77AE20017D756 /* Base */,
			);
			name = Main.storyboard;
			sourceTree = "<group>";
		};
		D53F618F28C77AE30017D756 /* LaunchScreen.storyboard */ = {
			isa = PBXVariantGroup;
			children = (
				D53F619028C77AE30017D756 /* Base */,
			);
			name = LaunchScreen.storyboard;
			sourceTree = "<group>";
		};
		D5A7B5D328F1F072007721B3 /* Localizable.strings */ = {
			isa = PBXVariantGroup;
			children = (
				D5A7B5D228F1F072007721B3 /* en */,
				D5A7B5D428F1F09C007721B3 /* ko */,
				D5A7B5D528F1F0A8007721B3 /* ja */,
				D5A7B5D628F1F0C2007721B3 /* fr */,
				D5A7B5D728F1F0CE007721B3 /* es */,
				D5A7B5D828F1F0DC007721B3 /* zh-Hant */,
				D5A7B5D928F1F0E2007721B3 /* zh-Hans */,
				D5A7B5DA28F1F0F5007721B3 /* de */,
				D5A7B5DB28F1F11B007721B3 /* it */,
			);
			name = Localizable.strings;
			sourceTree = "<group>";
		};
/* End PBXVariantGroup section */

/* Begin XCBuildConfiguration section */
		D53F619328C77AE30017D756 /* Debug */ = {
			isa = XCBuildConfiguration;
			buildSettings = {
				ALWAYS_EMBED_SWIFT_STANDARD_LIBRARIES = NO;
				ALWAYS_SEARCH_USER_PATHS = NO;
				CLANG_ANALYZER_LOCALIZABILITY_NONLOCALIZED = YES;
				CLANG_ANALYZER_NONNULL = YES;
				CLANG_ANALYZER_NUMBER_OBJECT_CONVERSION = YES_AGGRESSIVE;
				CLANG_CXX_LANGUAGE_STANDARD = "gnu++17";
				CLANG_ENABLE_MODULES = YES;
				CLANG_ENABLE_OBJC_ARC = YES;
				CLANG_ENABLE_OBJC_WEAK = YES;
				CLANG_WARN_BLOCK_CAPTURE_AUTORELEASING = YES;
				CLANG_WARN_BOOL_CONVERSION = YES;
				CLANG_WARN_COMMA = YES;
				CLANG_WARN_CONSTANT_CONVERSION = YES;
				CLANG_WARN_DEPRECATED_OBJC_IMPLEMENTATIONS = YES;
				CLANG_WARN_DIRECT_OBJC_ISA_USAGE = YES_ERROR;
				CLANG_WARN_DOCUMENTATION_COMMENTS = YES;
				CLANG_WARN_EMPTY_BODY = YES;
				CLANG_WARN_ENUM_CONVERSION = YES;
				CLANG_WARN_INFINITE_RECURSION = YES;
				CLANG_WARN_INT_CONVERSION = YES;
				CLANG_WARN_NON_LITERAL_NULL_CONVERSION = YES;
				CLANG_WARN_OBJC_IMPLICIT_RETAIN_SELF = YES;
				CLANG_WARN_OBJC_LITERAL_CONVERSION = YES;
				CLANG_WARN_OBJC_ROOT_CLASS = YES_ERROR;
				CLANG_WARN_QUOTED_INCLUDE_IN_FRAMEWORK_HEADER = YES;
				CLANG_WARN_RANGE_LOOP_ANALYSIS = YES;
				CLANG_WARN_STRICT_PROTOTYPES = YES;
				CLANG_WARN_SUSPICIOUS_MOVE = YES;
				CLANG_WARN_UNGUARDED_AVAILABILITY = YES_AGGRESSIVE;
				CLANG_WARN_UNREACHABLE_CODE = YES;
				CLANG_WARN__DUPLICATE_METHOD_MATCH = YES;
				COPY_PHASE_STRIP = NO;
				DEBUG_INFORMATION_FORMAT = dwarf;
				ENABLE_STRICT_OBJC_MSGSEND = YES;
				ENABLE_TESTABILITY = YES;
				EXCLUDED_ARCHS = "";
				GCC_C_LANGUAGE_STANDARD = gnu11;
				GCC_DYNAMIC_NO_PIC = NO;
				GCC_NO_COMMON_BLOCKS = YES;
				GCC_OPTIMIZATION_LEVEL = 0;
				GCC_PREPROCESSOR_DEFINITIONS = (
					"DEBUG=1",
					"$(inherited)",
				);
				GCC_WARN_64_TO_32_BIT_CONVERSION = YES;
				GCC_WARN_ABOUT_RETURN_TYPE = YES_ERROR;
				GCC_WARN_UNDECLARED_SELECTOR = YES;
				GCC_WARN_UNINITIALIZED_AUTOS = YES_AGGRESSIVE;
				GCC_WARN_UNUSED_FUNCTION = YES;
				GCC_WARN_UNUSED_VARIABLE = YES;
				INFOPLIST_KEY_CFBundleDisplayName = SolDoKu;
				IPHONEOS_DEPLOYMENT_TARGET = 14.0;
				MTL_ENABLE_DEBUG_INFO = INCLUDE_SOURCE;
				MTL_FAST_MATH = YES;
				ONLY_ACTIVE_ARCH = YES;
				SDKROOT = iphoneos;
				SWIFT_ACTIVE_COMPILATION_CONDITIONS = DEBUG;
				SWIFT_OPTIMIZATION_LEVEL = "-Onone";
			};
			name = Debug;
		};
		D53F619428C77AE30017D756 /* Release */ = {
			isa = XCBuildConfiguration;
			buildSettings = {
				ALWAYS_EMBED_SWIFT_STANDARD_LIBRARIES = NO;
				ALWAYS_SEARCH_USER_PATHS = NO;
				CLANG_ANALYZER_LOCALIZABILITY_NONLOCALIZED = YES;
				CLANG_ANALYZER_NONNULL = YES;
				CLANG_ANALYZER_NUMBER_OBJECT_CONVERSION = YES_AGGRESSIVE;
				CLANG_CXX_LANGUAGE_STANDARD = "gnu++17";
				CLANG_ENABLE_MODULES = YES;
				CLANG_ENABLE_OBJC_ARC = YES;
				CLANG_ENABLE_OBJC_WEAK = YES;
				CLANG_WARN_BLOCK_CAPTURE_AUTORELEASING = YES;
				CLANG_WARN_BOOL_CONVERSION = YES;
				CLANG_WARN_COMMA = YES;
				CLANG_WARN_CONSTANT_CONVERSION = YES;
				CLANG_WARN_DEPRECATED_OBJC_IMPLEMENTATIONS = YES;
				CLANG_WARN_DIRECT_OBJC_ISA_USAGE = YES_ERROR;
				CLANG_WARN_DOCUMENTATION_COMMENTS = YES;
				CLANG_WARN_EMPTY_BODY = YES;
				CLANG_WARN_ENUM_CONVERSION = YES;
				CLANG_WARN_INFINITE_RECURSION = YES;
				CLANG_WARN_INT_CONVERSION = YES;
				CLANG_WARN_NON_LITERAL_NULL_CONVERSION = YES;
				CLANG_WARN_OBJC_IMPLICIT_RETAIN_SELF = YES;
				CLANG_WARN_OBJC_LITERAL_CONVERSION = YES;
				CLANG_WARN_OBJC_ROOT_CLASS = YES_ERROR;
				CLANG_WARN_QUOTED_INCLUDE_IN_FRAMEWORK_HEADER = YES;
				CLANG_WARN_RANGE_LOOP_ANALYSIS = YES;
				CLANG_WARN_STRICT_PROTOTYPES = YES;
				CLANG_WARN_SUSPICIOUS_MOVE = YES;
				CLANG_WARN_UNGUARDED_AVAILABILITY = YES_AGGRESSIVE;
				CLANG_WARN_UNREACHABLE_CODE = YES;
				CLANG_WARN__DUPLICATE_METHOD_MATCH = YES;
				COPY_PHASE_STRIP = NO;
				DEBUG_INFORMATION_FORMAT = "dwarf-with-dsym";
				ENABLE_NS_ASSERTIONS = NO;
				ENABLE_STRICT_OBJC_MSGSEND = YES;
				EXCLUDED_ARCHS = "";
				GCC_C_LANGUAGE_STANDARD = gnu11;
				GCC_NO_COMMON_BLOCKS = YES;
				GCC_WARN_64_TO_32_BIT_CONVERSION = YES;
				GCC_WARN_ABOUT_RETURN_TYPE = YES_ERROR;
				GCC_WARN_UNDECLARED_SELECTOR = YES;
				GCC_WARN_UNINITIALIZED_AUTOS = YES_AGGRESSIVE;
				GCC_WARN_UNUSED_FUNCTION = YES;
				GCC_WARN_UNUSED_VARIABLE = YES;
				INFOPLIST_KEY_CFBundleDisplayName = SolDoKu;
				IPHONEOS_DEPLOYMENT_TARGET = 14.0;
				MTL_ENABLE_DEBUG_INFO = NO;
				MTL_FAST_MATH = YES;
				SDKROOT = iphoneos;
				SWIFT_COMPILATION_MODE = wholemodule;
				SWIFT_OPTIMIZATION_LEVEL = "-O";
				VALIDATE_PRODUCT = YES;
			};
			name = Release;
		};
		D53F619628C77AE30017D756 /* Debug */ = {
			isa = XCBuildConfiguration;
			buildSettings = {
				ASSETCATALOG_COMPILER_APPICON_NAME = AppIcon;
				ASSETCATALOG_COMPILER_GLOBAL_ACCENT_COLOR_NAME = AccentColor;
				CLANG_ENABLE_MODULES = YES;
				CODE_SIGN_STYLE = Automatic;
				CURRENT_PROJECT_VERSION = 1;
				DEVELOPMENT_TEAM = 5N5TS7Y4MA;
				FRAMEWORK_SEARCH_PATHS = (
					"$(inherited)",
					"$(PROJECT_DIR)/Framework/**",
					"$(PROJECT_DIR)/Framework",
				);
				GENERATE_INFOPLIST_FILE = YES;
				HEADER_SEARCH_PATHS = "$(PROJECT_DIR)/Framework/opencv2/include/**";
				INFOPLIST_FILE = Sudoku/Info.plist;
				INFOPLIST_KEY_CFBundleDisplayName = CFBundleDisplayName;
				INFOPLIST_KEY_NSCameraUsageDescription = NSCameraUsageDescription;
				INFOPLIST_KEY_NSPhotoLibraryUsageDescription = NSPhotoLibraryUsageDescription;
				INFOPLIST_KEY_UIApplicationSupportsIndirectInputEvents = YES;
				INFOPLIST_KEY_UILaunchStoryboardName = LaunchScreen;
				INFOPLIST_KEY_UIMainStoryboardFile = Main;
				INFOPLIST_KEY_UISupportedInterfaceOrientations = UIInterfaceOrientationPortrait;
				INFOPLIST_KEY_UISupportedInterfaceOrientations_iPad = UIInterfaceOrientationPortrait;
				INFOPLIST_KEY_UISupportedInterfaceOrientations_iPhone = UIInterfaceOrientationPortrait;
				INFOPLIST_KEY_UIUserInterfaceStyle = Light;
				IPHONEOS_DEPLOYMENT_TARGET = 14.0;
				LD_RUNPATH_SEARCH_PATHS = (
					"$(inherited)",
					"@executable_path/Frameworks",
				);
				MARKETING_VERSION = 1.1.5;
				PRODUCT_BUNDLE_IDENTIFIER = com.coin.SolDoKu;
				PRODUCT_NAME = "$(TARGET_NAME)";
				SWIFT_EMIT_LOC_STRINGS = YES;
				SWIFT_OBJC_BRIDGING_HEADER = "Sudoku/Sudoku-Bridging-Header.h";
				SWIFT_OPTIMIZATION_LEVEL = "-Onone";
				SWIFT_VERSION = 5.0;
				TARGETED_DEVICE_FAMILY = 1;
			};
			name = Debug;
		};
		D53F619728C77AE30017D756 /* Release */ = {
			isa = XCBuildConfiguration;
			buildSettings = {
				ASSETCATALOG_COMPILER_APPICON_NAME = AppIcon;
				ASSETCATALOG_COMPILER_GLOBAL_ACCENT_COLOR_NAME = AccentColor;
				CLANG_ENABLE_MODULES = YES;
				CODE_SIGN_STYLE = Automatic;
				CURRENT_PROJECT_VERSION = 1;
				DEVELOPMENT_TEAM = 5N5TS7Y4MA;
				FRAMEWORK_SEARCH_PATHS = (
					"$(inherited)",
					"$(PROJECT_DIR)/Framework/**",
					"$(PROJECT_DIR)/Framework",
				);
				GENERATE_INFOPLIST_FILE = YES;
				HEADER_SEARCH_PATHS = "$(PROJECT_DIR)/Framework/opencv2/include/**";
				INFOPLIST_FILE = Sudoku/Info.plist;
				INFOPLIST_KEY_CFBundleDisplayName = CFBundleDisplayName;
				INFOPLIST_KEY_NSCameraUsageDescription = NSCameraUsageDescription;
				INFOPLIST_KEY_NSPhotoLibraryUsageDescription = NSPhotoLibraryUsageDescription;
				INFOPLIST_KEY_UIApplicationSupportsIndirectInputEvents = YES;
				INFOPLIST_KEY_UILaunchStoryboardName = LaunchScreen;
				INFOPLIST_KEY_UIMainStoryboardFile = Main;
				INFOPLIST_KEY_UISupportedInterfaceOrientations = UIInterfaceOrientationPortrait;
				INFOPLIST_KEY_UISupportedInterfaceOrientations_iPad = UIInterfaceOrientationPortrait;
				INFOPLIST_KEY_UISupportedInterfaceOrientations_iPhone = UIInterfaceOrientationPortrait;
				INFOPLIST_KEY_UIUserInterfaceStyle = Light;
				IPHONEOS_DEPLOYMENT_TARGET = 14.0;
				LD_RUNPATH_SEARCH_PATHS = (
					"$(inherited)",
					"@executable_path/Frameworks",
				);
				MARKETING_VERSION = 1.1.5;
				PRODUCT_BUNDLE_IDENTIFIER = com.coin.SolDoKu;
				PRODUCT_NAME = "$(TARGET_NAME)";
				SWIFT_EMIT_LOC_STRINGS = YES;
				SWIFT_OBJC_BRIDGING_HEADER = "Sudoku/Sudoku-Bridging-Header.h";
				SWIFT_VERSION = 5.0;
				TARGETED_DEVICE_FAMILY = 1;
			};
			name = Release;
		};
/* End XCBuildConfiguration section */

/* Begin XCConfigurationList section */
		D53F617C28C77AE20017D756 /* Build configuration list for PBXProject "Sudoku" */ = {
			isa = XCConfigurationList;
			buildConfigurations = (
				D53F619328C77AE30017D756 /* Debug */,
				D53F619428C77AE30017D756 /* Release */,
			);
			defaultConfigurationIsVisible = 0;
			defaultConfigurationName = Release;
		};
		D53F619528C77AE30017D756 /* Build configuration list for PBXNativeTarget "Sudoku" */ = {
			isa = XCConfigurationList;
			buildConfigurations = (
				D53F619628C77AE30017D756 /* Debug */,
				D53F619728C77AE30017D756 /* Release */,
			);
			defaultConfigurationIsVisible = 0;
			defaultConfigurationName = Release;
		};
/* End XCConfigurationList section */

/* Begin XCRemoteSwiftPackageReference section */
		D5A7B5C628F08F0A007721B3 /* XCRemoteSwiftPackageReference "SnapKit" */ = {
			isa = XCRemoteSwiftPackageReference;
			repositoryURL = "https://github.com/SnapKit/SnapKit";
			requirement = {
				kind = upToNextMinorVersion;
				minimumVersion = 5.6.0;
			};
		};
/* End XCRemoteSwiftPackageReference section */

/* Begin XCSwiftPackageProductDependency section */
		D5A7B5C728F08F0A007721B3 /* SnapKit */ = {
			isa = XCSwiftPackageProductDependency;
			package = D5A7B5C628F08F0A007721B3 /* XCRemoteSwiftPackageReference "SnapKit" */;
			productName = SnapKit;
		};
/* End XCSwiftPackageProductDependency section */
	};
	rootObject = D53F617928C77AE20017D756 /* Project object */;
}
